
Microsoft Visual Studio Solution File, Format Version 12.00
# Visual Studio Version 16
VisualStudioVersion = 16.0.29411.108
MinimumVisualStudioVersion = 10.0.40219.1
Project("{FAE04EC0-301F-11D3-BF4B-00C04F79EFBC}") = "PollApi", "PollApi.csproj", "{B5D0DBD7-D764-4473-83B9-F083AE1AAD90}"
EndProject
Global
	GlobalSection(SolutionConfigurationPlatforms) = preSolution
		Debug|Any CPU = Debug|Any CPU
		Release|Any CPU = Release|Any CPU
	EndGlobalSection
	GlobalSection(ProjectConfigurationPlatforms) = postSolution
		{B5D0DBD7-D764-4473-83B9-F083AE1AAD90}.Debug|Any CPU.ActiveCfg = Debug|Any CPU
		{B5D0DBD7-D764-4473-83B9-F083AE1AAD90}.Debug|Any CPU.Build.0 = Debug|Any CPU
		{B5D0DBD7-D764-4473-83B9-F083AE1AAD90}.Release|Any CPU.ActiveCfg = Release|Any CPU
		{B5D0DBD7-D764-4473-83B9-F083AE1AAD90}.Release|Any CPU.Build.0 = Release|Any CPU
	EndGlobalSection
	GlobalSection(SolutionProperties) = preSolution
		HideSolutionNode = FALSE
	EndGlobalSection
	GlobalSection(ExtensibilityGlobals) = postSolution
		SolutionGuid = {5F0F347F-20C9-464E-A23A-D03E191D9ABF}
	EndGlobalSection
EndGlobal
